<?xml version="1.0" encoding="utf-8"?>
<Project ToolsVersion="4.0" xmlns="http://schemas.microsoft.com/developer/msbuild/2003">
  <ItemGroup>
    <ClCompile Include="wow64dm.cpp" />
    <ClCompile Include="Wow64Local.cpp" />
  </ItemGroup>
  <ItemGroup>
    <ClInclude Include="wow64dm.h" />
    <ClInclude Include="Internal.h" />
    <ClInclude Include="Native.h" />
    <ClInclude Include="Wow64Local.h" />
  </ItemGroup>
</Project>